
Microsoft Visual Studio Solution File, Format Version 12.00
# Visual Studio 14
VisualStudioVersion = 14.0.25123.0
MinimumVisualStudioVersion = 10.0.40219.1
Project("{FAE04EC0-301F-11D3-BF4B-00C04F79EFBC}") = "CoolBlue.PointofSale", "CoolBlue.PointofSale\CoolBlue.PointofSale.csproj", "{1DC25163-A7D6-4CA1-AFE8-6D98BA4521B3}"
EndProject
Project("{FAE04EC0-301F-11D3-BF4B-00C04F79EFBC}") = "CoolBlue.PointofSaleAPI.UnitTests", "CoolBlue.PointofSaleAPI.UnitTests\CoolBlue.PointofSaleAPI.UnitTests.csproj", "{FC1DF34B-4EE0-4E3A-A53E-897AE1A00666}"
EndProject
Project("{FAE04EC0-301F-11D3-BF4B-00C04F79EFBC}") = "CoolBlue.PointofSale.Database", "CoolBlue.PointofSale.Database\CoolBlue.PointofSale.Database.csproj", "{0AEF03B8-4B8C-4B65-9C25-CDBBCE1A0E57}"
EndProject
Project("{FAE04EC0-301F-11D3-BF4B-00C04F79EFBC}") = "CoolBlue.PointofSale.Infrastructure", "CoolBlue.PointofSale.Infrastructure\CoolBlue.PointofSale.Infrastructure.csproj", "{3272736C-AC72-4B72-80D4-7FF01062BE69}"
EndProject
Project("{FAE04EC0-301F-11D3-BF4B-00C04F79EFBC}") = "CoolBlue.PointofSale.Infrastructure.UnitTests", "CoolBlue.PointofSale.Infrastructure.UnitTests\CoolBlue.PointofSale.Infrastructure.UnitTests.csproj", "{8EF873C1-8F26-44A5-967C-F016E045CED1}"
EndProject
Project("{FAE04EC0-301F-11D3-BF4B-00C04F79EFBC}") = "CoolBlue.PointofSale.Core", "CoolBlue.PointofSale.Core\CoolBlue.PointofSale.Core.csproj", "{7FBA76F1-9C7F-4CE1-9149-182B1D698313}"
EndProject
Project("{FAE04EC0-301F-11D3-BF4B-00C04F79EFBC}") = "CoolBlue.PointofSale.Core.UnitTests", "CoolBlue.PointofSale.Core.UnitTests\CoolBlue.PointofSale.Core.UnitTests.csproj", "{3A1D4D35-4D08-4BBD-BB4E-2DBC8DDF8C43}"
EndProject
Project("{FAE04EC0-301F-11D3-BF4B-00C04F79EFBC}") = "CoolBlue.PointofSale.SharedKernal", "CoolBlue.PointofSale.SharedKernal\CoolBlue.PointofSale.SharedKernal.csproj", "{1DC36672-6351-490D-ACE1-18C356650970}"
EndProject
Global
	GlobalSection(SolutionConfigurationPlatforms) = preSolution
		Debug|Any CPU = Debug|Any CPU
		Release|Any CPU = Release|Any CPU
	EndGlobalSection
	GlobalSection(ProjectConfigurationPlatforms) = postSolution
		{1DC25163-A7D6-4CA1-AFE8-6D98BA4521B3}.Debug|Any CPU.ActiveCfg = Debug|Any CPU
		{1DC25163-A7D6-4CA1-AFE8-6D98BA4521B3}.Debug|Any CPU.Build.0 = Debug|Any CPU
		{1DC25163-A7D6-4CA1-AFE8-6D98BA4521B3}.Release|Any CPU.ActiveCfg = Release|Any CPU
		{1DC25163-A7D6-4CA1-AFE8-6D98BA4521B3}.Release|Any CPU.Build.0 = Release|Any CPU
		{FC1DF34B-4EE0-4E3A-A53E-897AE1A00666}.Debug|Any CPU.ActiveCfg = Debug|Any CPU
		{FC1DF34B-4EE0-4E3A-A53E-897AE1A00666}.Debug|Any CPU.Build.0 = Debug|Any CPU
		{FC1DF34B-4EE0-4E3A-A53E-897AE1A00666}.Release|Any CPU.ActiveCfg = Release|Any CPU
		{FC1DF34B-4EE0-4E3A-A53E-897AE1A00666}.Release|Any CPU.Build.0 = Release|Any CPU
		{0AEF03B8-4B8C-4B65-9C25-CDBBCE1A0E57}.Debug|Any CPU.ActiveCfg = Debug|Any CPU
		{0AEF03B8-4B8C-4B65-9C25-CDBBCE1A0E57}.Debug|Any CPU.Build.0 = Debug|Any CPU
		{0AEF03B8-4B8C-4B65-9C25-CDBBCE1A0E57}.Release|Any CPU.ActiveCfg = Release|Any CPU
		{0AEF03B8-4B8C-4B65-9C25-CDBBCE1A0E57}.Release|Any CPU.Build.0 = Release|Any CPU
		{3272736C-AC72-4B72-80D4-7FF01062BE69}.Debug|Any CPU.ActiveCfg = Debug|Any CPU
		{3272736C-AC72-4B72-80D4-7FF01062BE69}.Debug|Any CPU.Build.0 = Debug|Any CPU
		{3272736C-AC72-4B72-80D4-7FF01062BE69}.Release|Any CPU.ActiveCfg = Release|Any CPU
		{3272736C-AC72-4B72-80D4-7FF01062BE69}.Release|Any CPU.Build.0 = Release|Any CPU
		{8EF873C1-8F26-44A5-967C-F016E045CED1}.Debug|Any CPU.ActiveCfg = Debug|Any CPU
		{8EF873C1-8F26-44A5-967C-F016E045CED1}.Debug|Any CPU.Build.0 = Debug|Any CPU
		{8EF873C1-8F26-44A5-967C-F016E045CED1}.Release|Any CPU.ActiveCfg = Release|Any CPU
		{8EF873C1-8F26-44A5-967C-F016E045CED1}.Release|Any CPU.Build.0 = Release|Any CPU
		{7FBA76F1-9C7F-4CE1-9149-182B1D698313}.Debug|Any CPU.ActiveCfg = Debug|Any CPU
		{7FBA76F1-9C7F-4CE1-9149-182B1D698313}.Debug|Any CPU.Build.0 = Debug|Any CPU
		{7FBA76F1-9C7F-4CE1-9149-182B1D698313}.Release|Any CPU.ActiveCfg = Release|Any CPU
		{7FBA76F1-9C7F-4CE1-9149-182B1D698313}.Release|Any CPU.Build.0 = Release|Any CPU
		{3A1D4D35-4D08-4BBD-BB4E-2DBC8DDF8C43}.Debug|Any CPU.ActiveCfg = Debug|Any CPU
		{3A1D4D35-4D08-4BBD-BB4E-2DBC8DDF8C43}.Debug|Any CPU.Build.0 = Debug|Any CPU
		{3A1D4D35-4D08-4BBD-BB4E-2DBC8DDF8C43}.Release|Any CPU.ActiveCfg = Release|Any CPU
		{3A1D4D35-4D08-4BBD-BB4E-2DBC8DDF8C43}.Release|Any CPU.Build.0 = Release|Any CPU
		{1DC36672-6351-490D-ACE1-18C356650970}.Debug|Any CPU.ActiveCfg = Debug|Any CPU
		{1DC36672-6351-490D-ACE1-18C356650970}.Debug|Any CPU.Build.0 = Debug|Any CPU
		{1DC36672-6351-490D-ACE1-18C356650970}.Release|Any CPU.ActiveCfg = Release|Any CPU
		{1DC36672-6351-490D-ACE1-18C356650970}.Release|Any CPU.Build.0 = Release|Any CPU
	EndGlobalSection
	GlobalSection(SolutionProperties) = preSolution
		HideSolutionNode = FALSE
	EndGlobalSection
EndGlobal
